{
  "name": "acepad-shell",
  "version": "1.0.0",
  "lockfileVersion": 3,
  "requires": true,
  "packages": {
    "": {
      "name": "acepad-shell",
      "version": "1.0.0",
      "license": "ISC",
      "dependencies": {
        "@hoge1e3/is-plain-object": "^1.0.0",
        "@hoge1e3/sfile": "^1.6.7",
        "@hoge1e3/sfile-node": "^1.5.2"
      },
      "bin": {
        "apsh": "index.js"
      }
    },
    "node_modules/@hoge1e3/content": {
      "version": "2.0.2",
      "resolved": "https://registry.npmjs.org/@hoge1e3/content/-/content-2.0.2.tgz",
      "integrity": "sha512-vowdX9Jomu6UideNxWFBfs0sdGp3bbbH1jEenk+S79AFdosJE31JGs5AFfJ+LhmrFRMh63wQ/2Nxcy/YRwr0ow==",
      "license": "ISC"
    },
    "node_modules/@hoge1e3/is-plain-object": {
      "version": "1.0.0",
      "resolved": "https://registry.npmjs.org/@hoge1e3/is-plain-object/-/is-plain-object-1.0.0.tgz",
      "integrity": "sha512-MIKzRPvBqXMa4XOlxGPqHT/2k+Z/Z8nfNV3KN8KfbvpL2dQuo3D2eK9DpDz5AEz95Aa8YbHh0IqexQWjinaHNQ==",
      "license": "MIT"
    },
    "node_modules/@hoge1e3/sfile": {
      "version": "1.6.7",
      "resolved": "https://registry.npmjs.org/@hoge1e3/sfile/-/sfile-1.6.7.tgz",
      "integrity": "sha512-V8yGUenlO4wyK3EPBr/QgD/mraQkgS4Or4kyj3TWD4FRJa59f8kpkkkyaGsqbW+mUaMhZL4NVIpASZcIGXt7uQ==",
      "license": "ISC",
      "dependencies": {
        "@hoge1e3/content": "^2.0.0"
      }
    },
    "node_modules/@hoge1e3/sfile-node": {
      "version": "1.5.2",
      "resolved": "https://registry.npmjs.org/@hoge1e3/sfile-node/-/sfile-node-1.5.2.tgz",
      "integrity": "sha512-yUHiTl5TR5Vqs5Zp6DJY1nT3Zc5OihrYljHxTsmuU4hNtI72CINkWnqbUYkFzlUNyisdIjG5Pi5iWWgQUL7sVg==",
      "license": "ISC",
      "dependencies": {
        "@hoge1e3/sfile": "^1.5.2"
      }
    }
  }
}
